
Microsoft Visual Studio Solution File, Format Version 12.00
# Visual Studio Version 16
VisualStudioVersion = 16.0.31410.357
MinimumVisualStudioVersion = 10.0.40219.1
Project("{9A19103F-16F7-4668-BE54-9A1E7A4F7556}") = "OSRSWalkThroughListener", "OSRSWalkThroughListener.csproj", "{09C49D2E-7AFE-4CEC-95EC-582C4AD98BCF}"
EndProject
Project("{9A19103F-16F7-4668-BE54-9A1E7A4F7556}") = "TransferObjects", "..\TransferObjects\TransferObjects.csproj", "{77F7DA39-FD3A-4289-8DD4-383FE0775335}"
EndProject
Global
	GlobalSection(SolutionConfigurationPlatforms) = preSolution
		Debug|Any CPU = Debug|Any CPU
		Release|Any CPU = Release|Any CPU
	EndGlobalSection
	GlobalSection(ProjectConfigurationPlatforms) = postSolution
		{09C49D2E-7AFE-4CEC-95EC-582C4AD98BCF}.Debug|Any CPU.ActiveCfg = Debug|Any CPU
		{09C49D2E-7AFE-4CEC-95EC-582C4AD98BCF}.Debug|Any CPU.Build.0 = Debug|Any CPU
		{09C49D2E-7AFE-4CEC-95EC-582C4AD98BCF}.Release|Any CPU.ActiveCfg = Release|Any CPU
		{09C49D2E-7AFE-4CEC-95EC-582C4AD98BCF}.Release|Any CPU.Build.0 = Release|Any CPU
		{77F7DA39-FD3A-4289-8DD4-383FE0775335}.Debug|Any CPU.ActiveCfg = Debug|Any CPU
		{77F7DA39-FD3A-4289-8DD4-383FE0775335}.Debug|Any CPU.Build.0 = Debug|Any CPU
		{77F7DA39-FD3A-4289-8DD4-383FE0775335}.Release|Any CPU.ActiveCfg = Release|Any CPU
		{77F7DA39-FD3A-4289-8DD4-383FE0775335}.Release|Any CPU.Build.0 = Release|Any CPU
	EndGlobalSection
	GlobalSection(SolutionProperties) = preSolution
		HideSolutionNode = FALSE
	EndGlobalSection
	GlobalSection(ExtensibilityGlobals) = postSolution
		SolutionGuid = {1727E94E-A55C-4F9E-9698-77E6223E6593}
	EndGlobalSection
EndGlobal
